// !$*UTF8*$!
{
	archiveVersion = 1;
	classes = {
	};
	objectVersion = 50;
	objects = {

/* Begin PBXBuildFile section */
		9646592E26603319007A80C3 /* WebView.swift in Sources */ = {isa = PBXBuildFile; fileRef = 9646592D26603319007A80C3 /* WebView.swift */; };
		966F7B512674271A000F6DE1 /* www in Resources */ = {isa = PBXBuildFile; fileRef = 966F7B502674271A000F6DE1 /* www */; };
		966EFD71266373A800D103CC /* Bluetooth.swift in Sources */ = {isa = PBXBuildFile; fileRef = 966EFD70266373A800D103CC /* Bluetooth.swift */; };
		966EFD922672BCF700D103CC /* DeviceSelect.swift in Sources */ = {isa = PBXBuildFile; fileRef = 966EFD912672BCF700D103CC /* DeviceSelect.swift */; };
		96A13735265EEB4300A1825F /* swift_demoApp.swift in Sources */ = {isa = PBXBuildFile; fileRef = 96A13734265EEB4300A1825F /* swift_demoApp.swift */; };
		96A13737265EEB4300A1825F /* ContentView.swift in Sources */ = {isa = PBXBuildFile; fileRef = 96A13736265EEB4300A1825F /* ContentView.swift */; };
		96A13739265EEB4400A1825F /* Assets.xcassets in Resources */ = {isa = PBXBuildFile; fileRef = 96A13738265EEB4400A1825F /* Assets.xcassets */; };
		96A1373C265EEB4400A1825F /* Preview Assets.xcassets in Resources */ = {isa = PBXBuildFile; fileRef = 96A1373B265EEB4400A1825F /* Preview Assets.xcassets */; };
		96A13747265EEB4400A1825F /* swift_demoTests.swift in Sources */ = {isa = PBXBuildFile; fileRef = 96A13746265EEB4400A1825F /* swift_demoTests.swift */; };
		96A13752265EEB4400A1825F /* swift_demoUITests.swift in Sources */ = {isa = PBXBuildFile; fileRef = 96A13751265EEB4400A1825F /* swift_demoUITests.swift */; };
/* End PBXBuildFile section */

/* Begin PBXContainerItemProxy section */
		96A13743265EEB4400A1825F /* PBXContainerItemProxy */ = {
			isa = PBXContainerItemProxy;
			containerPortal = 96A13729265EEB4300A1825F /* Project object */;
			proxyType = 1;
			remoteGlobalIDString = 96A13730265EEB4300A1825F;
			remoteInfo = "swift-demo";
		};
		96A1374E265EEB4400A1825F /* PBXContainerItemProxy */ = {
			isa = PBXContainerItemProxy;
			containerPortal = 96A13729265EEB4300A1825F /* Project object */;
			proxyType = 1;
			remoteGlobalIDString = 96A13730265EEB4300A1825F;
			remoteInfo = "swift-demo";
		};
/* End PBXContainerItemProxy section */

/* Begin PBXFileReference section */
		9646592D26603319007A80C3 /* WebView.swift */ = {isa = PBXFileReference; lastKnownFileType = sourcecode.swift; path = WebView.swift; sourceTree = "<group>"; };
		966F7B502674271A000F6DE1 /* www */ = {isa = PBXFileReference; lastKnownFileType = folder; path = www; sourceTree = "<group>"; };
		966EFD70266373A800D103CC /* Bluetooth.swift */ = {isa = PBXFileReference; lastKnownFileType = sourcecode.swift; path = Bluetooth.swift; sourceTree = "<group>"; };
		966EFD912672BCF700D103CC /* DeviceSelect.swift */ = {isa = PBXFileReference; lastKnownFileType = sourcecode.swift; path = DeviceSelect.swift; sourceTree = "<group>"; };
		96A13731265EEB4300A1825F /* swift-demo.app */ = {isa = PBXFileReference; explicitFileType = wrapper.application; includeInIndex = 0; path = "swift-demo.app"; sourceTree = BUILT_PRODUCTS_DIR; };
		96A13734265EEB4300A1825F /* swift_demoApp.swift */ = {isa = PBXFileReference; lastKnownFileType = sourcecode.swift; path = swift_demoApp.swift; sourceTree = "<group>"; };
		96A13736265EEB4300A1825F /* ContentView.swift */ = {isa = PBXFileReference; lastKnownFileType = sourcecode.swift; path = ContentView.swift; sourceTree = "<group>"; };
		96A13738265EEB4400A1825F /* Assets.xcassets */ = {isa = PBXFileReference; lastKnownFileType = folder.assetcatalog; path = Assets.xcassets; sourceTree = "<group>"; };
		96A1373B265EEB4400A1825F /* Preview Assets.xcassets */ = {isa = PBXFileReference; lastKnownFileType = folder.assetcatalog; path = "Preview Assets.xcassets"; sourceTree = "<group>"; };
		96A1373D265EEB4400A1825F /* Info.plist */ = {isa = PBXFileReference; lastKnownFileType = text.plist.xml; path = Info.plist; sourceTree = "<group>"; };
		96A13742265EEB4400A1825F /* swift-demoTests.xctest */ = {isa = PBXFileReference; explicitFileType = wrapper.cfbundle; includeInIndex = 0; path = "swift-demoTests.xctest"; sourceTree = BUILT_PRODUCTS_DIR; };
		96A13746265EEB4400A1825F /* swift_demoTests.swift */ = {isa = PBXFileReference; lastKnownFileType = sourcecode.swift; path = swift_demoTests.swift; sourceTree = "<group>"; };
		96A13748265EEB4400A1825F /* Info.plist */ = {isa = PBXFileReference; lastKnownFileType = text.plist.xml; path = Info.plist; sourceTree = "<group>"; };
		96A1374D265EEB4400A1825F /* swift-demoUITests.xctest */ = {isa = PBXFileReference; explicitFileType = wrapper.cfbundle; includeInIndex = 0; path = "swift-demoUITests.xctest"; sourceTree = BUILT_PRODUCTS_DIR; };
		96A13751265EEB4400A1825F /* swift_demoUITests.swift */ = {isa = PBXFileReference; lastKnownFileType = sourcecode.swift; path = swift_demoUITests.swift; sourceTree = "<group>"; };
		96A13753265EEB4400A1825F /* Info.plist */ = {isa = PBXFileReference; lastKnownFileType = text.plist.xml; path = Info.plist; sourceTree = "<group>"; };
/* End PBXFileReference section */

/* Begin PBXFrameworksBuildPhase section */
		96A1372E265EEB4300A1825F /* Frameworks */ = {
			isa = PBXFrameworksBuildPhase;
			buildActionMask = 2147483647;
			files = (
			);
			runOnlyForDeploymentPostprocessing = 0;
		};
		96A1373F265EEB4400A1825F /* Frameworks */ = {
			isa = PBXFrameworksBuildPhase;
			buildActionMask = 2147483647;
			files = (
			);
			runOnlyForDeploymentPostprocessing = 0;
		};
		96A1374A265EEB4400A1825F /* Frameworks */ = {
			isa = PBXFrameworksBuildPhase;
			buildActionMask = 2147483647;
			files = (
			);
			runOnlyForDeploymentPostprocessing = 0;
		};
/* End PBXFrameworksBuildPhase section */

/* Begin PBXGroup section */
		96A13728265EEB4300A1825F = {
			isa = PBXGroup;
			children = (
				966F7B502674271A000F6DE1 /* www */,
				96A13733265EEB4300A1825F /* swift-demo */,
				96A13745265EEB4400A1825F /* swift-demoTests */,
				96A13750265EEB4400A1825F /* swift-demoUITests */,
				96A13732265EEB4300A1825F /* Products */,
			);
			sourceTree = "<group>";
		};
		96A13732265EEB4300A1825F /* Products */ = {
			isa = PBXGroup;
			children = (
				96A13731265EEB4300A1825F /* swift-demo.app */,
				96A13742265EEB4400A1825F /* swift-demoTests.xctest */,
				96A1374D265EEB4400A1825F /* swift-demoUITests.xctest */,
			);
			name = Products;
			sourceTree = "<group>";
		};
		96A13733265EEB4300A1825F /* swift-demo */ = {
			isa = PBXGroup;
			children = (
				96A13734265EEB4300A1825F /* swift_demoApp.swift */,
				96A13736265EEB4300A1825F /* ContentView.swift */,
				96A13738265EEB4400A1825F /* Assets.xcassets */,
				96A1373D265EEB4400A1825F /* Info.plist */,
				96A1373A265EEB4400A1825F /* Preview Content */,
				9646592D26603319007A80C3 /* WebView.swift */,
				966EFD70266373A800D103CC /* Bluetooth.swift */,
				966EFD912672BCF700D103CC /* DeviceSelect.swift */,
			);
			path = "swift-demo";
			sourceTree = "<group>";
		};
		96A1373A265EEB4400A1825F /* Preview Content */ = {
			isa = PBXGroup;
			children = (
				96A1373B265EEB4400A1825F /* Preview Assets.xcassets */,
			);
			path = "Preview Content";
			sourceTree = "<group>";
		};
		96A13745265EEB4400A1825F /* swift-demoTests */ = {
			isa = PBXGroup;
			children = (
				96A13746265EEB4400A1825F /* swift_demoTests.swift */,
				96A13748265EEB4400A1825F /* Info.plist */,
			);
			path = "swift-demoTests";
			sourceTree = "<group>";
		};
		96A13750265EEB4400A1825F /* swift-demoUITests */ = {
			isa = PBXGroup;
			children = (
				96A13751265EEB4400A1825F /* swift_demoUITests.swift */,
				96A13753265EEB4400A1825F /* Info.plist */,
			);
			path = "swift-demoUITests";
			sourceTree = "<group>";
		};
/* End PBXGroup section */

/* Begin PBXNativeTarget section */
		96A13730265EEB4300A1825F /* swift-demo */ = {
			isa = PBXNativeTarget;
			buildConfigurationList = 96A13756265EEB4400A1825F /* Build configuration list for PBXNativeTarget "swift-demo" */;
			buildPhases = (
				96A1372D265EEB4300A1825F /* Sources */,
				96A1372E265EEB4300A1825F /* Frameworks */,
				96A1372F265EEB4300A1825F /* Resources */,
			);
			buildRules = (
			);
			dependencies = (
			);
			name = "swift-demo";
			productName = "swift-demo";
			productReference = 96A13731265EEB4300A1825F /* swift-demo.app */;
			productType = "com.apple.product-type.application";
		};
		96A13741265EEB4400A1825F /* swift-demoTests */ = {
			isa = PBXNativeTarget;
			buildConfigurationList = 96A13759265EEB4400A1825F /* Build configuration list for PBXNativeTarget "swift-demoTests" */;
			buildPhases = (
				96A1373E265EEB4400A1825F /* Sources */,
				96A1373F265EEB4400A1825F /* Frameworks */,
				96A13740265EEB4400A1825F /* Resources */,
			);
			buildRules = (
			);
			dependencies = (
				96A13744265EEB4400A1825F /* PBXTargetDependency */,
			);
			name = "swift-demoTests";
			productName = "swift-demoTests";
			productReference = 96A13742265EEB4400A1825F /* swift-demoTests.xctest */;
			productType = "com.apple.product-type.bundle.unit-test";
		};
		96A1374C265EEB4400A1825F /* swift-demoUITests */ = {
			isa = PBXNativeTarget;
			buildConfigurationList = 96A1375C265EEB4400A1825F /* Build configuration list for PBXNativeTarget "swift-demoUITests" */;
			buildPhases = (
				96A13749265EEB4400A1825F /* Sources */,
				96A1374A265EEB4400A1825F /* Frameworks */,
				96A1374B265EEB4400A1825F /* Resources */,
			);
			buildRules = (
			);
			dependencies = (
				96A1374F265EEB4400A1825F /* PBXTargetDependency */,
			);
			name = "swift-demoUITests";
			productName = "swift-demoUITests";
			productReference = 96A1374D265EEB4400A1825F /* swift-demoUITests.xctest */;
			productType = "com.apple.product-type.bundle.ui-testing";
		};
/* End PBXNativeTarget section */

/* Begin PBXProject section */
		96A13729265EEB4300A1825F /* Project object */ = {
			isa = PBXProject;
			attributes = {
				LastSwiftUpdateCheck = 1240;
				LastUpgradeCheck = 1240;
				TargetAttributes = {
					96A13730265EEB4300A1825F = {
						CreatedOnToolsVersion = 12.4;
					};
					96A13741265EEB4400A1825F = {
						CreatedOnToolsVersion = 12.4;
						TestTargetID = 96A13730265EEB4300A1825F;
					};
					96A1374C265EEB4400A1825F = {
						CreatedOnToolsVersion = 12.4;
						TestTargetID = 96A13730265EEB4300A1825F;
					};
				};
			};
			buildConfigurationList = 96A1372C265EEB4300A1825F /* Build configuration list for PBXProject "swift-demo" */;
			compatibilityVersion = "Xcode 9.3";
			developmentRegion = en;
			hasScannedForEncodings = 0;
			knownRegions = (
				en,
				Base,
			);
			mainGroup = 96A13728265EEB4300A1825F;
			productRefGroup = 96A13732265EEB4300A1825F /* Products */;
			projectDirPath = "";
			projectRoot = "";
			targets = (
				96A13730265EEB4300A1825F /* swift-demo */,
				96A13741265EEB4400A1825F /* swift-demoTests */,
				96A1374C265EEB4400A1825F /* swift-demoUITests */,
			);
		};
/* End PBXProject section */

/* Begin PBXResourcesBuildPhase section */
		96A1372F265EEB4300A1825F /* Resources */ = {
			isa = PBXResourcesBuildPhase;
			buildActionMask = 2147483647;
			files = (
				966F7B512674271A000F6DE1 /* www in Resources */,
				96A1373C265EEB4400A1825F /* Preview Assets.xcassets in Resources */,
				96A13739265EEB4400A1825F /* Assets.xcassets in Resources */,
			);
			runOnlyForDeploymentPostprocessing = 0;
		};
		96A13740265EEB4400A1825F /* Resources */ = {
			isa = PBXResourcesBuildPhase;
			buildActionMask = 2147483647;
			files = (
			);
			runOnlyForDeploymentPostprocessing = 0;
		};
		96A1374B265EEB4400A1825F /* Resources */ = {
			isa = PBXResourcesBuildPhase;
			buildActionMask = 2147483647;
			files = (
			);
			runOnlyForDeploymentPostprocessing = 0;
		};
/* End PBXResourcesBuildPhase section */

/* Begin PBXSourcesBuildPhase section */
		96A1372D265EEB4300A1825F /* Sources */ = {
			isa = PBXSourcesBuildPhase;
			buildActionMask = 2147483647;
			files = (
				966EFD71266373A800D103CC /* Bluetooth.swift in Sources */,
				9646592E26603319007A80C3 /* WebView.swift in Sources */,
				96A13737265EEB4300A1825F /* ContentView.swift in Sources */,
				96A13735265EEB4300A1825F /* swift_demoApp.swift in Sources */,
				966EFD922672BCF700D103CC /* DeviceSelect.swift in Sources */,
			);
			runOnlyForDeploymentPostprocessing = 0;
		};
		96A1373E265EEB4400A1825F /* Sources */ = {
			isa = PBXSourcesBuildPhase;
			buildActionMask = 2147483647;
			files = (
				96A13747265EEB4400A1825F /* swift_demoTests.swift in Sources */,
			);
			runOnlyForDeploymentPostprocessing = 0;
		};
		96A13749265EEB4400A1825F /* Sources */ = {
			isa = PBXSourcesBuildPhase;
			buildActionMask = 2147483647;
			files = (
				96A13752265EEB4400A1825F /* swift_demoUITests.swift in Sources */,
			);
			runOnlyForDeploymentPostprocessing = 0;
		};
/* End PBXSourcesBuildPhase section */

/* Begin PBXTargetDependency section */
		96A13744265EEB4400A1825F /* PBXTargetDependency */ = {
			isa = PBXTargetDependency;
			target = 96A13730265EEB4300A1825F /* swift-demo */;
			targetProxy = 96A13743265EEB4400A1825F /* PBXContainerItemProxy */;
		};
		96A1374F265EEB4400A1825F /* PBXTargetDependency */ = {
			isa = PBXTargetDependency;
			target = 96A13730265EEB4300A1825F /* swift-demo */;
			targetProxy = 96A1374E265EEB4400A1825F /* PBXContainerItemProxy */;
		};
/* End PBXTargetDependency section */

/* Begin XCBuildConfiguration section */
		96A13754265EEB4400A1825F /* Debug */ = {
			isa = XCBuildConfiguration;
			buildSettings = {
				ALWAYS_SEARCH_USER_PATHS = NO;
				CLANG_ANALYZER_NONNULL = YES;
				CLANG_ANALYZER_NUMBER_OBJECT_CONVERSION = YES_AGGRESSIVE;
				CLANG_CXX_LANGUAGE_STANDARD = "gnu++14";
				CLANG_CXX_LIBRARY = "libc++";
				CLANG_ENABLE_MODULES = YES;
				CLANG_ENABLE_OBJC_ARC = YES;
				CLANG_ENABLE_OBJC_WEAK = YES;
				CLANG_WARN_BLOCK_CAPTURE_AUTORELEASING = YES;
				CLANG_WARN_BOOL_CONVERSION = YES;
				CLANG_WARN_COMMA = YES;
				CLANG_WARN_CONSTANT_CONVERSION = YES;
				CLANG_WARN_DEPRECATED_OBJC_IMPLEMENTATIONS = YES;
				CLANG_WARN_DIRECT_OBJC_ISA_USAGE = YES_ERROR;
				CLANG_WARN_DOCUMENTATION_COMMENTS = YES;
				CLANG_WARN_EMPTY_BODY = YES;
				CLANG_WARN_ENUM_CONVERSION = YES;
				CLANG_WARN_INFINITE_RECURSION = YES;
				CLANG_WARN_INT_CONVERSION = YES;
				CLANG_WARN_NON_LITERAL_NULL_CONVERSION = YES;
				CLANG_WARN_OBJC_IMPLICIT_RETAIN_SELF = YES;
				CLANG_WARN_OBJC_LITERAL_CONVERSION = YES;
				CLANG_WARN_OBJC_ROOT_CLASS = YES_ERROR;
				CLANG_WARN_QUOTED_INCLUDE_IN_FRAMEWORK_HEADER = YES;
				CLANG_WARN_RANGE_LOOP_ANALYSIS = YES;
				CLANG_WARN_STRICT_PROTOTYPES = YES;
				CLANG_WARN_SUSPICIOUS_MOVE = YES;
				CLANG_WARN_UNGUARDED_AVAILABILITY = YES_AGGRESSIVE;
				CLANG_WARN_UNREACHABLE_CODE = YES;
				CLANG_WARN__DUPLICATE_METHOD_MATCH = YES;
				COPY_PHASE_STRIP = NO;
				DEBUG_INFORMATION_FORMAT = dwarf;
				ENABLE_STRICT_OBJC_MSGSEND = YES;
				ENABLE_TESTABILITY = YES;
				GCC_C_LANGUAGE_STANDARD = gnu11;
				GCC_DYNAMIC_NO_PIC = NO;
				GCC_NO_COMMON_BLOCKS = YES;
				GCC_OPTIMIZATION_LEVEL = 0;
				GCC_PREPROCESSOR_DEFINITIONS = (
					"DEBUG=1",
					"$(inherited)",
				);
				GCC_WARN_64_TO_32_BIT_CONVERSION = YES;
				GCC_WARN_ABOUT_RETURN_TYPE = YES_ERROR;
				GCC_WARN_UNDECLARED_SELECTOR = YES;
				GCC_WARN_UNINITIALIZED_AUTOS = YES_AGGRESSIVE;
				GCC_WARN_UNUSED_FUNCTION = YES;
				GCC_WARN_UNUSED_VARIABLE = YES;
				IPHONEOS_DEPLOYMENT_TARGET = 14.4;
				MTL_ENABLE_DEBUG_INFO = INCLUDE_SOURCE;
				MTL_FAST_MATH = YES;
				ONLY_ACTIVE_ARCH = YES;
				SDKROOT = iphoneos;
				SWIFT_ACTIVE_COMPILATION_CONDITIONS = DEBUG;
				SWIFT_OPTIMIZATION_LEVEL = "-Onone";
			};
			name = Debug;
		};
		96A13755265EEB4400A1825F /* Release */ = {
			isa = XCBuildConfiguration;
			buildSettings = {
				ALWAYS_SEARCH_USER_PATHS = NO;
				CLANG_ANALYZER_NONNULL = YES;
				CLANG_ANALYZER_NUMBER_OBJECT_CONVERSION = YES_AGGRESSIVE;
				CLANG_CXX_LANGUAGE_STANDARD = "gnu++14";
				CLANG_CXX_LIBRARY = "libc++";
				CLANG_ENABLE_MODULES = YES;
				CLANG_ENABLE_OBJC_ARC = YES;
				CLANG_ENABLE_OBJC_WEAK = YES;
				CLANG_WARN_BLOCK_CAPTURE_AUTORELEASING = YES;
				CLANG_WARN_BOOL_CONVERSION = YES;
				CLANG_WARN_COMMA = YES;
				CLANG_WARN_CONSTANT_CONVERSION = YES;
				CLANG_WARN_DEPRECATED_OBJC_IMPLEMENTATIONS = YES;
				CLANG_WARN_DIRECT_OBJC_ISA_USAGE = YES_ERROR;
				CLANG_WARN_DOCUMENTATION_COMMENTS = YES;
				CLANG_WARN_EMPTY_BODY = YES;
				CLANG_WARN_ENUM_CONVERSION = YES;
				CLANG_WARN_INFINITE_RECURSION = YES;
				CLANG_WARN_INT_CONVERSION = YES;
				CLANG_WARN_NON_LITERAL_NULL_CONVERSION = YES;
				CLANG_WARN_OBJC_IMPLICIT_RETAIN_SELF = YES;
				CLANG_WARN_OBJC_LITERAL_CONVERSION = YES;
				CLANG_WARN_OBJC_ROOT_CLASS = YES_ERROR;
				CLANG_WARN_QUOTED_INCLUDE_IN_FRAMEWORK_HEADER = YES;
				CLANG_WARN_RANGE_LOOP_ANALYSIS = YES;
				CLANG_WARN_STRICT_PROTOTYPES = YES;
				CLANG_WARN_SUSPICIOUS_MOVE = YES;
				CLANG_WARN_UNGUARDED_AVAILABILITY = YES_AGGRESSIVE;
				CLANG_WARN_UNREACHABLE_CODE = YES;
				CLANG_WARN__DUPLICATE_METHOD_MATCH = YES;
				COPY_PHASE_STRIP = NO;
				DEBUG_INFORMATION_FORMAT = "dwarf-with-dsym";
				ENABLE_NS_ASSERTIONS = NO;
				ENABLE_STRICT_OBJC_MSGSEND = YES;
				GCC_C_LANGUAGE_STANDARD = gnu11;
				GCC_NO_COMMON_BLOCKS = YES;
				GCC_WARN_64_TO_32_BIT_CONVERSION = YES;
				GCC_WARN_ABOUT_RETURN_TYPE = YES_ERROR;
				GCC_WARN_UNDECLARED_SELECTOR = YES;
				GCC_WARN_UNINITIALIZED_AUTOS = YES_AGGRESSIVE;
				GCC_WARN_UNUSED_FUNCTION = YES;
				GCC_WARN_UNUSED_VARIABLE = YES;
				IPHONEOS_DEPLOYMENT_TARGET = 14.4;
				MTL_ENABLE_DEBUG_INFO = NO;
				MTL_FAST_MATH = YES;
				SDKROOT = iphoneos;
				SWIFT_COMPILATION_MODE = wholemodule;
				SWIFT_OPTIMIZATION_LEVEL = "-O";
				VALIDATE_PRODUCT = YES;
			};
			name = Release;
		};
		96A13757265EEB4400A1825F /* Debug */ = {
			isa = XCBuildConfiguration;
			buildSettings = {
				ASSETCATALOG_COMPILER_APPICON_NAME = AppIcon;
				ASSETCATALOG_COMPILER_GLOBAL_ACCENT_COLOR_NAME = AccentColor;
				CODE_SIGN_STYLE = Automatic;
				DEVELOPMENT_ASSET_PATHS = "\"swift-demo/Preview Content\"";
				DEVELOPMENT_TEAM = 2F33K2WGRH;
				ENABLE_PREVIEWS = YES;
				INFOPLIST_FILE = "swift-demo/Info.plist";
				IPHONEOS_DEPLOYMENT_TARGET = 14.0;
				LD_RUNPATH_SEARCH_PATHS = (
					"$(inherited)",
					"@executable_path/Frameworks",
				);
				PRODUCT_BUNDLE_IDENTIFIER = "laika.swift-demo";
				PRODUCT_NAME = "$(TARGET_NAME)";
				SWIFT_VERSION = 5.0;
				TARGETED_DEVICE_FAMILY = "1,2";
			};
			name = Debug;
		};
		96A13758265EEB4400A1825F /* Release */ = {
			isa = XCBuildConfiguration;
			buildSettings = {
				ASSETCATALOG_COMPILER_APPICON_NAME = AppIcon;
				ASSETCATALOG_COMPILER_GLOBAL_ACCENT_COLOR_NAME = AccentColor;
				CODE_SIGN_STYLE = Automatic;
				DEVELOPMENT_ASSET_PATHS = "\"swift-demo/Preview Content\"";
				DEVELOPMENT_TEAM = 2F33K2WGRH;
				ENABLE_PREVIEWS = YES;
				INFOPLIST_FILE = "swift-demo/Info.plist";
				IPHONEOS_DEPLOYMENT_TARGET = 14.0;
				LD_RUNPATH_SEARCH_PATHS = (
					"$(inherited)",
					"@executable_path/Frameworks",
				);
				PRODUCT_BUNDLE_IDENTIFIER = "laika.swift-demo";
				PRODUCT_NAME = "$(TARGET_NAME)";
				SWIFT_VERSION = 5.0;
				TARGETED_DEVICE_FAMILY = "1,2";
			};
			name = Release;
		};
		96A1375A265EEB4400A1825F /* Debug */ = {
			isa = XCBuildConfiguration;
			buildSettings = {
				ALWAYS_EMBED_SWIFT_STANDARD_LIBRARIES = YES;
				BUNDLE_LOADER = "$(TEST_HOST)";
				CODE_SIGN_STYLE = Automatic;
				DEVELOPMENT_TEAM = 2F33K2WGRH;
				INFOPLIST_FILE = "swift-demoTests/Info.plist";
				IPHONEOS_DEPLOYMENT_TARGET = 14.0;
				LD_RUNPATH_SEARCH_PATHS = (
					"$(inherited)",
					"@executable_path/Frameworks",
					"@loader_path/Frameworks",
				);
				PRODUCT_BUNDLE_IDENTIFIER = "laika.swift-demoTests";
				PRODUCT_NAME = "$(TARGET_NAME)";
				SWIFT_VERSION = 5.0;
				TARGETED_DEVICE_FAMILY = "1,2";
				TEST_HOST = "$(BUILT_PRODUCTS_DIR)/swift-demo.app/swift-demo";
			};
			name = Debug;
		};
		96A1375B265EEB4400A1825F /* Release */ = {
			isa = XCBuildConfiguration;
			buildSettings = {
				ALWAYS_EMBED_SWIFT_STANDARD_LIBRARIES = YES;
				BUNDLE_LOADER = "$(TEST_HOST)";
				CODE_SIGN_STYLE = Automatic;
				DEVELOPMENT_TEAM = 2F33K2WGRH;
				INFOPLIST_FILE = "swift-demoTests/Info.plist";
				IPHONEOS_DEPLOYMENT_TARGET = 14.0;
				LD_RUNPATH_SEARCH_PATHS = (
					"$(inherited)",
					"@executable_path/Frameworks",
					"@loader_path/Frameworks",
				);
				PRODUCT_BUNDLE_IDENTIFIER = "laika.swift-demoTests";
				PRODUCT_NAME = "$(TARGET_NAME)";
				SWIFT_VERSION = 5.0;
				TARGETED_DEVICE_FAMILY = "1,2";
				TEST_HOST = "$(BUILT_PRODUCTS_DIR)/swift-demo.app/swift-demo";
			};
			name = Release;
		};
		96A1375D265EEB4400A1825F /* Debug */ = {
			isa = XCBuildConfiguration;
			buildSettings = {
				ALWAYS_EMBED_SWIFT_STANDARD_LIBRARIES = YES;
				CODE_SIGN_STYLE = Automatic;
				DEVELOPMENT_TEAM = 2F33K2WGRH;
				INFOPLIST_FILE = "swift-demoUITests/Info.plist";
				LD_RUNPATH_SEARCH_PATHS = (
					"$(inherited)",
					"@executable_path/Frameworks",
					"@loader_path/Frameworks",
				);
				PRODUCT_BUNDLE_IDENTIFIER = "laika.swift-demoUITests";
				PRODUCT_NAME = "$(TARGET_NAME)";
				SWIFT_VERSION = 5.0;
				TARGETED_DEVICE_FAMILY = "1,2";
				TEST_TARGET_NAME = "swift-demo";
			};
			name = Debug;
		};
		96A1375E265EEB4400A1825F /* Release */ = {
			isa = XCBuildConfiguration;
			buildSettings = {
				ALWAYS_EMBED_SWIFT_STANDARD_LIBRARIES = YES;
				CODE_SIGN_STYLE = Automatic;
				DEVELOPMENT_TEAM = 2F33K2WGRH;
				INFOPLIST_FILE = "swift-demoUITests/Info.plist";
				LD_RUNPATH_SEARCH_PATHS = (
					"$(inherited)",
					"@executable_path/Frameworks",
					"@loader_path/Frameworks",
				);
				PRODUCT_BUNDLE_IDENTIFIER = "laika.swift-demoUITests";
				PRODUCT_NAME = "$(TARGET_NAME)";
				SWIFT_VERSION = 5.0;
				TARGETED_DEVICE_FAMILY = "1,2";
				TEST_TARGET_NAME = "swift-demo";
			};
			name = Release;
		};
/* End XCBuildConfiguration section */

/* Begin XCConfigurationList section */
		96A1372C265EEB4300A1825F /* Build configuration list for PBXProject "swift-demo" */ = {
			isa = XCConfigurationList;
			buildConfigurations = (
				96A13754265EEB4400A1825F /* Debug */,
				96A13755265EEB4400A1825F /* Release */,
			);
			defaultConfigurationIsVisible = 0;
			defaultConfigurationName = Release;
		};
		96A13756265EEB4400A1825F /* Build configuration list for PBXNativeTarget "swift-demo" */ = {
			isa = XCConfigurationList;
			buildConfigurations = (
				96A13757265EEB4400A1825F /* Debug */,
				96A13758265EEB4400A1825F /* Release */,
			);
			defaultConfigurationIsVisible = 0;
			defaultConfigurationName = Release;
		};
		96A13759265EEB4400A1825F /* Build configuration list for PBXNativeTarget "swift-demoTests" */ = {
			isa = XCConfigurationList;
			buildConfigurations = (
				96A1375A265EEB4400A1825F /* Debug */,
				96A1375B265EEB4400A1825F /* Release */,
			);
			defaultConfigurationIsVisible = 0;
			defaultConfigurationName = Release;
		};
		96A1375C265EEB4400A1825F /* Build configuration list for PBXNativeTarget "swift-demoUITests" */ = {
			isa = XCConfigurationList;
			buildConfigurations = (
				96A1375D265EEB4400A1825F /* Debug */,
				96A1375E265EEB4400A1825F /* Release */,
			);
			defaultConfigurationIsVisible = 0;
			defaultConfigurationName = Release;
		};
/* End XCConfigurationList section */
	};
	rootObject = 96A13729265EEB4300A1825F /* Project object */;
}
